
Microsoft Visual Studio Solution File, Format Version 12.00
# Visual Studio 2013
VisualStudioVersion = 12.0.40629.0
MinimumVisualStudioVersion = 10.0.40219.1
Project("{FAE04EC0-301F-11D3-BF4B-00C04F79EFBC}") = "SampleApplication", "SampleApplication\SampleApplication.csproj", "{FA05CC0A-CDD7-413A-AE74-75E44C8ADC69}"
EndProject
Project("{2150E333-8FDC-42A3-9474-1A3956D46DE8}") = "BuildDeployScripts", "BuildDeployScripts", "{6FE38E60-CC81-4C0E-8D45-56072661E956}"
	ProjectSection(SolutionItems) = preProject
		BuildScript.ps1 = BuildScript.ps1
		DeployScript.ps1 = DeployScript.ps1
	EndProjectSection
EndProject
Global
	GlobalSection(SolutionConfigurationPlatforms) = preSolution
		Debug|Any CPU = Debug|Any CPU
		IntegrationTesting|Any CPU = IntegrationTesting|Any CPU
		Prod|Any CPU = Prod|Any CPU
		Release|Any CPU = Release|Any CPU
		UAT|Any CPU = UAT|Any CPU
	EndGlobalSection
	GlobalSection(ProjectConfigurationPlatforms) = postSolution
		{FA05CC0A-CDD7-413A-AE74-75E44C8ADC69}.Debug|Any CPU.ActiveCfg = Debug|Any CPU
		{FA05CC0A-CDD7-413A-AE74-75E44C8ADC69}.Debug|Any CPU.Build.0 = Debug|Any CPU
		{FA05CC0A-CDD7-413A-AE74-75E44C8ADC69}.IntegrationTesting|Any CPU.ActiveCfg = IntegrationTesting|Any CPU
		{FA05CC0A-CDD7-413A-AE74-75E44C8ADC69}.IntegrationTesting|Any CPU.Build.0 = IntegrationTesting|Any CPU
		{FA05CC0A-CDD7-413A-AE74-75E44C8ADC69}.Prod|Any CPU.ActiveCfg = Prod|Any CPU
		{FA05CC0A-CDD7-413A-AE74-75E44C8ADC69}.Prod|Any CPU.Build.0 = Prod|Any CPU
		{FA05CC0A-CDD7-413A-AE74-75E44C8ADC69}.Release|Any CPU.ActiveCfg = Release|Any CPU
		{FA05CC0A-CDD7-413A-AE74-75E44C8ADC69}.Release|Any CPU.Build.0 = Release|Any CPU
		{FA05CC0A-CDD7-413A-AE74-75E44C8ADC69}.UAT|Any CPU.ActiveCfg = UAT|Any CPU
		{FA05CC0A-CDD7-413A-AE74-75E44C8ADC69}.UAT|Any CPU.Build.0 = UAT|Any CPU
	EndGlobalSection
	GlobalSection(SolutionProperties) = preSolution
		HideSolutionNode = FALSE
	EndGlobalSection
EndGlobal
